
Microsoft Visual Studio Solution File, Format Version 12.00
# Visual Studio 15
VisualStudioVersion = 15.0.28307.539
MinimumVisualStudioVersion = 10.0.40219.1
Project("{FAE04EC0-301F-11D3-BF4B-00C04F79EFBC}") = "Seguridad", "Seguridad\Seguridad.csproj", "{D4665E9A-D1DF-4E1B-B5BE-49CEE4B4BA72}"
EndProject
Global
	GlobalSection(SolutionConfigurationPlatforms) = preSolution
		Debug|Any CPU = Debug|Any CPU
		Release|Any CPU = Release|Any CPU
	EndGlobalSection
	GlobalSection(ProjectConfigurationPlatforms) = postSolution
		{D4665E9A-D1DF-4E1B-B5BE-49CEE4B4BA72}.Debug|Any CPU.ActiveCfg = Debug|Any CPU
		{D4665E9A-D1DF-4E1B-B5BE-49CEE4B4BA72}.Debug|Any CPU.Build.0 = Debug|Any CPU
		{D4665E9A-D1DF-4E1B-B5BE-49CEE4B4BA72}.Release|Any CPU.ActiveCfg = Release|Any CPU
		{D4665E9A-D1DF-4E1B-B5BE-49CEE4B4BA72}.Release|Any CPU.Build.0 = Release|Any CPU
	EndGlobalSection
	GlobalSection(SolutionProperties) = preSolution
		HideSolutionNode = FALSE
	EndGlobalSection
	GlobalSection(ExtensibilityGlobals) = postSolution
		SolutionGuid = {C3BBA336-6F67-4DD9-B1C9-8F174342E286}
	EndGlobalSection
EndGlobal
